// !$*UTF8*$!
{
	archiveVersion = 1;
	classes = {
	};
	objectVersion = 50;
	objects = {

/* Begin PBXBuildFile section */
		CE351EB92567B905004FDDEB /* AppDelegate.swift in Sources */ = {isa = PBXBuildFile; fileRef = CE351EB82567B905004FDDEB /* AppDelegate.swift */; };
		CE351EBB2567B905004FDDEB /* SceneDelegate.swift in Sources */ = {isa = PBXBuildFile; fileRef = CE351EBA2567B905004FDDEB /* SceneDelegate.swift */; };
		CE351EBD2567B905004FDDEB /* ViewController.swift in Sources */ = {isa = PBXBuildFile; fileRef = CE351EBC2567B905004FDDEB /* ViewController.swift */; };
		CE351EC02567B905004FDDEB /* Main.storyboard in Resources */ = {isa = PBXBuildFile; fileRef = CE351EBE2567B905004FDDEB /* Main.storyboard */; };
		CE351EC22567B906004FDDEB /* Assets.xcassets in Resources */ = {isa = PBXBuildFile; fileRef = CE351EC12567B906004FDDEB /* Assets.xcassets */; };
		CE351EC52567B906004FDDEB /* LaunchScreen.storyboard in Resources */ = {isa = PBXBuildFile; fileRef = CE351EC32567B906004FDDEB /* LaunchScreen.storyboard */; };
		CE351ED02567B906004FDDEB /* BuggyTests.swift in Sources */ = {isa = PBXBuildFile; fileRef = CE351ECF2567B906004FDDEB /* BuggyTests.swift */; };
		CE351EDB2567B906004FDDEB /* BuggyUITests.swift in Sources */ = {isa = PBXBuildFile; fileRef = CE351EDA2567B906004FDDEB /* BuggyUITests.swift */; };
/* End PBXBuildFile section */

/* Begin PBXContainerItemProxy section */
		CE351ECC2567B906004FDDEB /* PBXContainerItemProxy */ = {
			isa = PBXContainerItemProxy;
			containerPortal = CE351EAD2567B905004FDDEB /* Project object */;
			proxyType = 1;
			remoteGlobalIDString = CE351EB42567B905004FDDEB;
			remoteInfo = Buggy;
		};
		CE351ED72567B906004FDDEB /* PBXContainerItemProxy */ = {
			isa = PBXContainerItemProxy;
			containerPortal = CE351EAD2567B905004FDDEB /* Project object */;
			proxyType = 1;
			remoteGlobalIDString = CE351EB42567B905004FDDEB;
			remoteInfo = Buggy;
		};
/* End PBXContainerItemProxy section */

/* Begin PBXFileReference section */
		CE351EB52567B905004FDDEB /* Buggy.app */ = {isa = PBXFileReference; explicitFileType = wrapper.application; includeInIndex = 0; path = Buggy.app; sourceTree = BUILT_PRODUCTS_DIR; };
		CE351EB82567B905004FDDEB /* AppDelegate.swift */ = {isa = PBXFileReference; lastKnownFileType = sourcecode.swift; path = AppDelegate.swift; sourceTree = "<group>"; };
		CE351EBA2567B905004FDDEB /* SceneDelegate.swift */ = {isa = PBXFileReference; lastKnownFileType = sourcecode.swift; path = SceneDelegate.swift; sourceTree = "<group>"; };
		CE351EBC2567B905004FDDEB /* ViewController.swift */ = {isa = PBXFileReference; lastKnownFileType = sourcecode.swift; path = ViewController.swift; sourceTree = "<group>"; };
		CE351EBF2567B905004FDDEB /* Base */ = {isa = PBXFileReference; lastKnownFileType = file.storyboard; name = Base; path = Base.lproj/Main.storyboard; sourceTree = "<group>"; };
		CE351EC12567B906004FDDEB /* Assets.xcassets */ = {isa = PBXFileReference; lastKnownFileType = folder.assetcatalog; path = Assets.xcassets; sourceTree = "<group>"; };
		CE351EC42567B906004FDDEB /* Base */ = {isa = PBXFileReference; lastKnownFileType = file.storyboard; name = Base; path = Base.lproj/LaunchScreen.storyboard; sourceTree = "<group>"; };
		CE351EC62567B906004FDDEB /* Info.plist */ = {isa = PBXFileReference; lastKnownFileType = text.plist.xml; path = Info.plist; sourceTree = "<group>"; };
		CE351ECB2567B906004FDDEB /* BuggyTests.xctest */ = {isa = PBXFileReference; explicitFileType = wrapper.cfbundle; includeInIndex = 0; path = BuggyTests.xctest; sourceTree = BUILT_PRODUCTS_DIR; };
		CE351ECF2567B906004FDDEB /* BuggyTests.swift */ = {isa = PBXFileReference; lastKnownFileType = sourcecode.swift; path = BuggyTests.swift; sourceTree = "<group>"; };
		CE351ED12567B906004FDDEB /* Info.plist */ = {isa = PBXFileReference; lastKnownFileType = text.plist.xml; path = Info.plist; sourceTree = "<group>"; };
		CE351ED62567B906004FDDEB /* BuggyUITests.xctest */ = {isa = PBXFileReference; explicitFileType = wrapper.cfbundle; includeInIndex = 0; path = BuggyUITests.xctest; sourceTree = BUILT_PRODUCTS_DIR; };
		CE351EDA2567B906004FDDEB /* BuggyUITests.swift */ = {isa = PBXFileReference; lastKnownFileType = sourcecode.swift; path = BuggyUITests.swift; sourceTree = "<group>"; };
		CE351EDC2567B906004FDDEB /* Info.plist */ = {isa = PBXFileReference; lastKnownFileType = text.plist.xml; path = Info.plist; sourceTree = "<group>"; };
/* End PBXFileReference section */

/* Begin PBXFrameworksBuildPhase section */
		CE351EB22567B905004FDDEB /* Frameworks */ = {
			isa = PBXFrameworksBuildPhase;
			buildActionMask = 2147483647;
			files = (
			);
			runOnlyForDeploymentPostprocessing = 0;
		};
		CE351EC82567B906004FDDEB /* Frameworks */ = {
			isa = PBXFrameworksBuildPhase;
			buildActionMask = 2147483647;
			files = (
			);
			runOnlyForDeploymentPostprocessing = 0;
		};
		CE351ED32567B906004FDDEB /* Frameworks */ = {
			isa = PBXFrameworksBuildPhase;
			buildActionMask = 2147483647;
			files = (
			);
			runOnlyForDeploymentPostprocessing = 0;
		};
/* End PBXFrameworksBuildPhase section */

/* Begin PBXGroup section */
		CE351EAC2567B905004FDDEB = {
			isa = PBXGroup;
			children = (
				CE351EB72567B905004FDDEB /* Buggy */,
				CE351ECE2567B906004FDDEB /* BuggyTests */,
				CE351ED92567B906004FDDEB /* BuggyUITests */,
				CE351EB62567B905004FDDEB /* Products */,
			);
			sourceTree = "<group>";
		};
		CE351EB62567B905004FDDEB /* Products */ = {
			isa = PBXGroup;
			children = (
				CE351EB52567B905004FDDEB /* Buggy.app */,
				CE351ECB2567B906004FDDEB /* BuggyTests.xctest */,
				CE351ED62567B906004FDDEB /* BuggyUITests.xctest */,
			);
			name = Products;
			sourceTree = "<group>";
		};
		CE351EB72567B905004FDDEB /* Buggy */ = {
			isa = PBXGroup;
			children = (
				CE351EB82567B905004FDDEB /* AppDelegate.swift */,
				CE351EBA2567B905004FDDEB /* SceneDelegate.swift */,
				CE351EBC2567B905004FDDEB /* ViewController.swift */,
				CE351EBE2567B905004FDDEB /* Main.storyboard */,
				CE351EC12567B906004FDDEB /* Assets.xcassets */,
				CE351EC32567B906004FDDEB /* LaunchScreen.storyboard */,
				CE351EC62567B906004FDDEB /* Info.plist */,
			);
			path = Buggy;
			sourceTree = "<group>";
		};
		CE351ECE2567B906004FDDEB /* BuggyTests */ = {
			isa = PBXGroup;
			children = (
				CE351ECF2567B906004FDDEB /* BuggyTests.swift */,
				CE351ED12567B906004FDDEB /* Info.plist */,
			);
			path = BuggyTests;
			sourceTree = "<group>";
		};
		CE351ED92567B906004FDDEB /* BuggyUITests */ = {
			isa = PBXGroup;
			children = (
				CE351EDA2567B906004FDDEB /* BuggyUITests.swift */,
				CE351EDC2567B906004FDDEB /* Info.plist */,
			);
			path = BuggyUITests;
			sourceTree = "<group>";
		};
/* End PBXGroup section */

/* Begin PBXNativeTarget section */
		CE351EB42567B905004FDDEB /* Buggy */ = {
			isa = PBXNativeTarget;
			buildConfigurationList = CE351EDF2567B906004FDDEB /* Build configuration list for PBXNativeTarget "Buggy" */;
			buildPhases = (
				CE351EB12567B905004FDDEB /* Sources */,
				CE351EB22567B905004FDDEB /* Frameworks */,
				CE351EB32567B905004FDDEB /* Resources */,
			);
			buildRules = (
			);
			dependencies = (
			);
			name = Buggy;
			productName = Buggy;
			productReference = CE351EB52567B905004FDDEB /* Buggy.app */;
			productType = "com.apple.product-type.application";
		};
		CE351ECA2567B906004FDDEB /* BuggyTests */ = {
			isa = PBXNativeTarget;
			buildConfigurationList = CE351EE22567B906004FDDEB /* Build configuration list for PBXNativeTarget "BuggyTests" */;
			buildPhases = (
				CE351EC72567B906004FDDEB /* Sources */,
				CE351EC82567B906004FDDEB /* Frameworks */,
				CE351EC92567B906004FDDEB /* Resources */,
			);
			buildRules = (
			);
			dependencies = (
				CE351ECD2567B906004FDDEB /* PBXTargetDependency */,
			);
			name = BuggyTests;
			productName = BuggyTests;
			productReference = CE351ECB2567B906004FDDEB /* BuggyTests.xctest */;
			productType = "com.apple.product-type.bundle.unit-test";
		};
		CE351ED52567B906004FDDEB /* BuggyUITests */ = {
			isa = PBXNativeTarget;
			buildConfigurationList = CE351EE52567B906004FDDEB /* Build configuration list for PBXNativeTarget "BuggyUITests" */;
			buildPhases = (
				CE351ED22567B906004FDDEB /* Sources */,
				CE351ED32567B906004FDDEB /* Frameworks */,
				CE351ED42567B906004FDDEB /* Resources */,
			);
			buildRules = (
			);
			dependencies = (
				CE351ED82567B906004FDDEB /* PBXTargetDependency */,
			);
			name = BuggyUITests;
			productName = BuggyUITests;
			productReference = CE351ED62567B906004FDDEB /* BuggyUITests.xctest */;
			productType = "com.apple.product-type.bundle.ui-testing";
		};
/* End PBXNativeTarget section */

/* Begin PBXProject section */
		CE351EAD2567B905004FDDEB /* Project object */ = {
			isa = PBXProject;
			attributes = {
				LastSwiftUpdateCheck = 1220;
				LastUpgradeCheck = 1220;
				TargetAttributes = {
					CE351EB42567B905004FDDEB = {
						CreatedOnToolsVersion = 12.2;
					};
					CE351ECA2567B906004FDDEB = {
						CreatedOnToolsVersion = 12.2;
						TestTargetID = CE351EB42567B905004FDDEB;
					};
					CE351ED52567B906004FDDEB = {
						CreatedOnToolsVersion = 12.2;
						TestTargetID = CE351EB42567B905004FDDEB;
					};
				};
			};
			buildConfigurationList = CE351EB02567B905004FDDEB /* Build configuration list for PBXProject "Buggy" */;
			compatibilityVersion = "Xcode 9.3";
			developmentRegion = en;
			hasScannedForEncodings = 0;
			knownRegions = (
				en,
				Base,
			);
			mainGroup = CE351EAC2567B905004FDDEB;
			productRefGroup = CE351EB62567B905004FDDEB /* Products */;
			projectDirPath = "";
			projectRoot = "";
			targets = (
				CE351EB42567B905004FDDEB /* Buggy */,
				CE351ECA2567B906004FDDEB /* BuggyTests */,
				CE351ED52567B906004FDDEB /* BuggyUITests */,
			);
		};
/* End PBXProject section */

/* Begin PBXResourcesBuildPhase section */
		CE351EB32567B905004FDDEB /* Resources */ = {
			isa = PBXResourcesBuildPhase;
			buildActionMask = 2147483647;
			files = (
				CE351EC52567B906004FDDEB /* LaunchScreen.storyboard in Resources */,
				CE351EC22567B906004FDDEB /* Assets.xcassets in Resources */,
				CE351EC02567B905004FDDEB /* Main.storyboard in Resources */,
			);
			runOnlyForDeploymentPostprocessing = 0;
		};
		CE351EC92567B906004FDDEB /* Resources */ = {
			isa = PBXResourcesBuildPhase;
			buildActionMask = 2147483647;
			files = (
			);
			runOnlyForDeploymentPostprocessing = 0;
		};
		CE351ED42567B906004FDDEB /* Resources */ = {
			isa = PBXResourcesBuildPhase;
			buildActionMask = 2147483647;
			files = (
			);
			runOnlyForDeploymentPostprocessing = 0;
		};
/* End PBXResourcesBuildPhase section */

/* Begin PBXSourcesBuildPhase section */
		CE351EB12567B905004FDDEB /* Sources */ = {
			isa = PBXSourcesBuildPhase;
			buildActionMask = 2147483647;
			files = (
				CE351EBD2567B905004FDDEB /* ViewController.swift in Sources */,
				CE351EB92567B905004FDDEB /* AppDelegate.swift in Sources */,
				CE351EBB2567B905004FDDEB /* SceneDelegate.swift in Sources */,
			);
			runOnlyForDeploymentPostprocessing = 0;
		};
		CE351EC72567B906004FDDEB /* Sources */ = {
			isa = PBXSourcesBuildPhase;
			buildActionMask = 2147483647;
			files = (
				CE351ED02567B906004FDDEB /* BuggyTests.swift in Sources */,
			);
			runOnlyForDeploymentPostprocessing = 0;
		};
		CE351ED22567B906004FDDEB /* Sources */ = {
			isa = PBXSourcesBuildPhase;
			buildActionMask = 2147483647;
			files = (
				CE351EDB2567B906004FDDEB /* BuggyUITests.swift in Sources */,
			);
			runOnlyForDeploymentPostprocessing = 0;
		};
/* End PBXSourcesBuildPhase section */

/* Begin PBXTargetDependency section */
		CE351ECD2567B906004FDDEB /* PBXTargetDependency */ = {
			isa = PBXTargetDependency;
			target = CE351EB42567B905004FDDEB /* Buggy */;
			targetProxy = CE351ECC2567B906004FDDEB /* PBXContainerItemProxy */;
		};
		CE351ED82567B906004FDDEB /* PBXTargetDependency */ = {
			isa = PBXTargetDependency;
			target = CE351EB42567B905004FDDEB /* Buggy */;
			targetProxy = CE351ED72567B906004FDDEB /* PBXContainerItemProxy */;
		};
/* End PBXTargetDependency section */

/* Begin PBXVariantGroup section */
		CE351EBE2567B905004FDDEB /* Main.storyboard */ = {
			isa = PBXVariantGroup;
			children = (
				CE351EBF2567B905004FDDEB /* Base */,
			);
			name = Main.storyboard;
			sourceTree = "<group>";
		};
		CE351EC32567B906004FDDEB /* LaunchScreen.storyboard */ = {
			isa = PBXVariantGroup;
			children = (
				CE351EC42567B906004FDDEB /* Base */,
			);
			name = LaunchScreen.storyboard;
			sourceTree = "<group>";
		};
/* End PBXVariantGroup section */

/* Begin XCBuildConfiguration section */
		CE351EDD2567B906004FDDEB /* Debug */ = {
			isa = XCBuildConfiguration;
			buildSettings = {
				ALWAYS_SEARCH_USER_PATHS = NO;
				CLANG_ANALYZER_NONNULL = YES;
				CLANG_ANALYZER_NUMBER_OBJECT_CONVERSION = YES_AGGRESSIVE;
				CLANG_CXX_LANGUAGE_STANDARD = "gnu++14";
				CLANG_CXX_LIBRARY = "libc++";
				CLANG_ENABLE_MODULES = YES;
				CLANG_ENABLE_OBJC_ARC = YES;
				CLANG_ENABLE_OBJC_WEAK = YES;
				CLANG_WARN_BLOCK_CAPTURE_AUTORELEASING = YES;
				CLANG_WARN_BOOL_CONVERSION = YES;
				CLANG_WARN_COMMA = YES;
				CLANG_WARN_CONSTANT_CONVERSION = YES;
				CLANG_WARN_DEPRECATED_OBJC_IMPLEMENTATIONS = YES;
				CLANG_WARN_DIRECT_OBJC_ISA_USAGE = YES_ERROR;
				CLANG_WARN_DOCUMENTATION_COMMENTS = YES;
				CLANG_WARN_EMPTY_BODY = YES;
				CLANG_WARN_ENUM_CONVERSION = YES;
				CLANG_WARN_INFINITE_RECURSION = YES;
				CLANG_WARN_INT_CONVERSION = YES;
				CLANG_WARN_NON_LITERAL_NULL_CONVERSION = YES;
				CLANG_WARN_OBJC_IMPLICIT_RETAIN_SELF = YES;
				CLANG_WARN_OBJC_LITERAL_CONVERSION = YES;
				CLANG_WARN_OBJC_ROOT_CLASS = YES_ERROR;
				CLANG_WARN_QUOTED_INCLUDE_IN_FRAMEWORK_HEADER = YES;
				CLANG_WARN_RANGE_LOOP_ANALYSIS = YES;
				CLANG_WARN_STRICT_PROTOTYPES = YES;
				CLANG_WARN_SUSPICIOUS_MOVE = YES;
				CLANG_WARN_UNGUARDED_AVAILABILITY = YES_AGGRESSIVE;
				CLANG_WARN_UNREACHABLE_CODE = YES;
				CLANG_WARN__DUPLICATE_METHOD_MATCH = YES;
				COPY_PHASE_STRIP = NO;
				DEBUG_INFORMATION_FORMAT = dwarf;
				ENABLE_STRICT_OBJC_MSGSEND = YES;
				ENABLE_TESTABILITY = YES;
				GCC_C_LANGUAGE_STANDARD = gnu11;
				GCC_DYNAMIC_NO_PIC = NO;
				GCC_NO_COMMON_BLOCKS = YES;
				GCC_OPTIMIZATION_LEVEL = 0;
				GCC_PREPROCESSOR_DEFINITIONS = (
					"DEBUG=1",
					"$(inherited)",
				);
				GCC_WARN_64_TO_32_BIT_CONVERSION = YES;
				GCC_WARN_ABOUT_RETURN_TYPE = YES_ERROR;
				GCC_WARN_UNDECLARED_SELECTOR = YES;
				GCC_WARN_UNINITIALIZED_AUTOS = YES_AGGRESSIVE;
				GCC_WARN_UNUSED_FUNCTION = YES;
				GCC_WARN_UNUSED_VARIABLE = YES;
				IPHONEOS_DEPLOYMENT_TARGET = 14.2;
				MTL_ENABLE_DEBUG_INFO = INCLUDE_SOURCE;
				MTL_FAST_MATH = YES;
				ONLY_ACTIVE_ARCH = YES;
				SDKROOT = iphoneos;
				SWIFT_ACTIVE_COMPILATION_CONDITIONS = DEBUG;
				SWIFT_OPTIMIZATION_LEVEL = "-Onone";
			};
			name = Debug;
		};
		CE351EDE2567B906004FDDEB /* Release */ = {
			isa = XCBuildConfiguration;
			buildSettings = {
				ALWAYS_SEARCH_USER_PATHS = NO;
				CLANG_ANALYZER_NONNULL = YES;
				CLANG_ANALYZER_NUMBER_OBJECT_CONVERSION = YES_AGGRESSIVE;
				CLANG_CXX_LANGUAGE_STANDARD = "gnu++14";
				CLANG_CXX_LIBRARY = "libc++";
				CLANG_ENABLE_MODULES = YES;
				CLANG_ENABLE_OBJC_ARC = YES;
				CLANG_ENABLE_OBJC_WEAK = YES;
				CLANG_WARN_BLOCK_CAPTURE_AUTORELEASING = YES;
				CLANG_WARN_BOOL_CONVERSION = YES;
				CLANG_WARN_COMMA = YES;
				CLANG_WARN_CONSTANT_CONVERSION = YES;
				CLANG_WARN_DEPRECATED_OBJC_IMPLEMENTATIONS = YES;
				CLANG_WARN_DIRECT_OBJC_ISA_USAGE = YES_ERROR;
				CLANG_WARN_DOCUMENTATION_COMMENTS = YES;
				CLANG_WARN_EMPTY_BODY = YES;
				CLANG_WARN_ENUM_CONVERSION = YES;
				CLANG_WARN_INFINITE_RECURSION = YES;
				CLANG_WARN_INT_CONVERSION = YES;
				CLANG_WARN_NON_LITERAL_NULL_CONVERSION = YES;
				CLANG_WARN_OBJC_IMPLICIT_RETAIN_SELF = YES;
				CLANG_WARN_OBJC_LITERAL_CONVERSION = YES;
				CLANG_WARN_OBJC_ROOT_CLASS = YES_ERROR;
				CLANG_WARN_QUOTED_INCLUDE_IN_FRAMEWORK_HEADER = YES;
				CLANG_WARN_RANGE_LOOP_ANALYSIS = YES;
				CLANG_WARN_STRICT_PROTOTYPES = YES;
				CLANG_WARN_SUSPICIOUS_MOVE = YES;
				CLANG_WARN_UNGUARDED_AVAILABILITY = YES_AGGRESSIVE;
				CLANG_WARN_UNREACHABLE_CODE = YES;
				CLANG_WARN__DUPLICATE_METHOD_MATCH = YES;
				COPY_PHASE_STRIP = NO;
				DEBUG_INFORMATION_FORMAT = "dwarf-with-dsym";
				ENABLE_NS_ASSERTIONS = NO;
				ENABLE_STRICT_OBJC_MSGSEND = YES;
				GCC_C_LANGUAGE_STANDARD = gnu11;
				GCC_NO_COMMON_BLOCKS = YES;
				GCC_WARN_64_TO_32_BIT_CONVERSION = YES;
				GCC_WARN_ABOUT_RETURN_TYPE = YES_ERROR;
				GCC_WARN_UNDECLARED_SELECTOR = YES;
				GCC_WARN_UNINITIALIZED_AUTOS = YES_AGGRESSIVE;
				GCC_WARN_UNUSED_FUNCTION = YES;
				GCC_WARN_UNUSED_VARIABLE = YES;
				IPHONEOS_DEPLOYMENT_TARGET = 14.2;
				MTL_ENABLE_DEBUG_INFO = NO;
				MTL_FAST_MATH = YES;
				SDKROOT = iphoneos;
				SWIFT_COMPILATION_MODE = wholemodule;
				SWIFT_OPTIMIZATION_LEVEL = "-O";
				VALIDATE_PRODUCT = YES;
			};
			name = Release;
		};
		CE351EE02567B906004FDDEB /* Debug */ = {
			isa = XCBuildConfiguration;
			buildSettings = {
				ASSETCATALOG_COMPILER_APPICON_NAME = AppIcon;
				ASSETCATALOG_COMPILER_GLOBAL_ACCENT_COLOR_NAME = AccentColor;
				CODE_SIGN_STYLE = Automatic;
				INFOPLIST_FILE = Buggy/Info.plist;
				LD_RUNPATH_SEARCH_PATHS = (
					"$(inherited)",
					"@executable_path/Frameworks",
				);
				PRODUCT_BUNDLE_IDENTIFIER = nadyaka.Buggy;
				PRODUCT_NAME = "$(TARGET_NAME)";
				SWIFT_VERSION = 5.0;
				TARGETED_DEVICE_FAMILY = "1,2";
			};
			name = Debug;
		};
		CE351EE12567B906004FDDEB /* Release */ = {
			isa = XCBuildConfiguration;
			buildSettings = {
				ASSETCATALOG_COMPILER_APPICON_NAME = AppIcon;
				ASSETCATALOG_COMPILER_GLOBAL_ACCENT_COLOR_NAME = AccentColor;
				CODE_SIGN_STYLE = Automatic;
				INFOPLIST_FILE = Buggy/Info.plist;
				LD_RUNPATH_SEARCH_PATHS = (
					"$(inherited)",
					"@executable_path/Frameworks",
				);
				PRODUCT_BUNDLE_IDENTIFIER = nadyaka.Buggy;
				PRODUCT_NAME = "$(TARGET_NAME)";
				SWIFT_VERSION = 5.0;
				TARGETED_DEVICE_FAMILY = "1,2";
			};
			name = Release;
		};
		CE351EE32567B906004FDDEB /* Debug */ = {
			isa = XCBuildConfiguration;
			buildSettings = {
				ALWAYS_EMBED_SWIFT_STANDARD_LIBRARIES = YES;
				BUNDLE_LOADER = "$(TEST_HOST)";
				CODE_SIGN_STYLE = Automatic;
				INFOPLIST_FILE = BuggyTests/Info.plist;
				IPHONEOS_DEPLOYMENT_TARGET = 14.2;
				LD_RUNPATH_SEARCH_PATHS = (
					"$(inherited)",
					"@executable_path/Frameworks",
					"@loader_path/Frameworks",
				);
				PRODUCT_BUNDLE_IDENTIFIER = nadyaka.BuggyTests;
				PRODUCT_NAME = "$(TARGET_NAME)";
				SWIFT_VERSION = 5.0;
				TARGETED_DEVICE_FAMILY = "1,2";
				TEST_HOST = "$(BUILT_PRODUCTS_DIR)/Buggy.app/Buggy";
			};
			name = Debug;
		};
		CE351EE42567B906004FDDEB /* Release */ = {
			isa = XCBuildConfiguration;
			buildSettings = {
				ALWAYS_EMBED_SWIFT_STANDARD_LIBRARIES = YES;
				BUNDLE_LOADER = "$(TEST_HOST)";
				CODE_SIGN_STYLE = Automatic;
				INFOPLIST_FILE = BuggyTests/Info.plist;
				IPHONEOS_DEPLOYMENT_TARGET = 14.2;
				LD_RUNPATH_SEARCH_PATHS = (
					"$(inherited)",
					"@executable_path/Frameworks",
					"@loader_path/Frameworks",
				);
				PRODUCT_BUNDLE_IDENTIFIER = nadyaka.BuggyTests;
				PRODUCT_NAME = "$(TARGET_NAME)";
				SWIFT_VERSION = 5.0;
				TARGETED_DEVICE_FAMILY = "1,2";
				TEST_HOST = "$(BUILT_PRODUCTS_DIR)/Buggy.app/Buggy";
			};
			name = Release;
		};
		CE351EE62567B906004FDDEB /* Debug */ = {
			isa = XCBuildConfiguration;
			buildSettings = {
				ALWAYS_EMBED_SWIFT_STANDARD_LIBRARIES = YES;
				CODE_SIGN_STYLE = Automatic;
				INFOPLIST_FILE = BuggyUITests/Info.plist;
				LD_RUNPATH_SEARCH_PATHS = (
					"$(inherited)",
					"@executable_path/Frameworks",
					"@loader_path/Frameworks",
				);
				PRODUCT_BUNDLE_IDENTIFIER = nadyaka.BuggyUITests;
				PRODUCT_NAME = "$(TARGET_NAME)";
				SWIFT_VERSION = 5.0;
				TARGETED_DEVICE_FAMILY = "1,2";
				TEST_TARGET_NAME = Buggy;
			};
			name = Debug;
		};
		CE351EE72567B906004FDDEB /* Release */ = {
			isa = XCBuildConfiguration;
			buildSettings = {
				ALWAYS_EMBED_SWIFT_STANDARD_LIBRARIES = YES;
				CODE_SIGN_STYLE = Automatic;
				INFOPLIST_FILE = BuggyUITests/Info.plist;
				LD_RUNPATH_SEARCH_PATHS = (
					"$(inherited)",
					"@executable_path/Frameworks",
					"@loader_path/Frameworks",
				);
				PRODUCT_BUNDLE_IDENTIFIER = nadyaka.BuggyUITests;
				PRODUCT_NAME = "$(TARGET_NAME)";
				SWIFT_VERSION = 5.0;
				TARGETED_DEVICE_FAMILY = "1,2";
				TEST_TARGET_NAME = Buggy;
			};
			name = Release;
		};
/* End XCBuildConfiguration section */

/* Begin XCConfigurationList section */
		CE351EB02567B905004FDDEB /* Build configuration list for PBXProject "Buggy" */ = {
			isa = XCConfigurationList;
			buildConfigurations = (
				CE351EDD2567B906004FDDEB /* Debug */,
				CE351EDE2567B906004FDDEB /* Release */,
			);
			defaultConfigurationIsVisible = 0;
			defaultConfigurationName = Release;
		};
		CE351EDF2567B906004FDDEB /* Build configuration list for PBXNativeTarget "Buggy" */ = {
			isa = XCConfigurationList;
			buildConfigurations = (
				CE351EE02567B906004FDDEB /* Debug */,
				CE351EE12567B906004FDDEB /* Release */,
			);
			defaultConfigurationIsVisible = 0;
			defaultConfigurationName = Release;
		};
		CE351EE22567B906004FDDEB /* Build configuration list for PBXNativeTarget "BuggyTests" */ = {
			isa = XCConfigurationList;
			buildConfigurations = (
				CE351EE32567B906004FDDEB /* Debug */,
				CE351EE42567B906004FDDEB /* Release */,
			);
			defaultConfigurationIsVisible = 0;
			defaultConfigurationName = Release;
		};
		CE351EE52567B906004FDDEB /* Build configuration list for PBXNativeTarget "BuggyUITests" */ = {
			isa = XCConfigurationList;
			buildConfigurations = (
				CE351EE62567B906004FDDEB /* Debug */,
				CE351EE72567B906004FDDEB /* Release */,
			);
			defaultConfigurationIsVisible = 0;
			defaultConfigurationName = Release;
		};
/* End XCConfigurationList section */
	};
	rootObject = CE351EAD2567B905004FDDEB /* Project object */;
}
